
Microsoft Visual Studio Solution File, Format Version 12.00
# Visual Studio Version 17
VisualStudioVersion = 17.3.32825.248
MinimumVisualStudioVersion = 10.0.40219.1
Project("{FAE04EC0-301F-11D3-BF4B-00C04F79EFBC}") = "FakeReportDataDemo", "FakeReportDataDemo\FakeReportDataDemo.csproj", "{A8B48965-85E8-42DC-BA38-10E24F917987}"
EndProject
Project("{00D1A9C2-B5F0-4AF3-8072-F6C62B433612}") = "SqlDatabase", "SqlDatabase\SqlDatabase.sqlproj", "{5B3B00C2-08D1-46A5-A171-2EF5E99B920B}"
EndProject
Global
	GlobalSection(SolutionConfigurationPlatforms) = preSolution
		Debug|Any CPU = Debug|Any CPU
		Release|Any CPU = Release|Any CPU
	EndGlobalSection
	GlobalSection(ProjectConfigurationPlatforms) = postSolution
		{A8B48965-85E8-42DC-BA38-10E24F917987}.Debug|Any CPU.ActiveCfg = Debug|Any CPU
		{A8B48965-85E8-42DC-BA38-10E24F917987}.Debug|Any CPU.Build.0 = Debug|Any CPU
		{A8B48965-85E8-42DC-BA38-10E24F917987}.Release|Any CPU.ActiveCfg = Release|Any CPU
		{A8B48965-85E8-42DC-BA38-10E24F917987}.Release|Any CPU.Build.0 = Release|Any CPU
		{5B3B00C2-08D1-46A5-A171-2EF5E99B920B}.Debug|Any CPU.ActiveCfg = Debug|Any CPU
		{5B3B00C2-08D1-46A5-A171-2EF5E99B920B}.Debug|Any CPU.Build.0 = Debug|Any CPU
		{5B3B00C2-08D1-46A5-A171-2EF5E99B920B}.Debug|Any CPU.Deploy.0 = Debug|Any CPU
		{5B3B00C2-08D1-46A5-A171-2EF5E99B920B}.Release|Any CPU.ActiveCfg = Release|Any CPU
		{5B3B00C2-08D1-46A5-A171-2EF5E99B920B}.Release|Any CPU.Build.0 = Release|Any CPU
		{5B3B00C2-08D1-46A5-A171-2EF5E99B920B}.Release|Any CPU.Deploy.0 = Release|Any CPU
	EndGlobalSection
	GlobalSection(SolutionProperties) = preSolution
		HideSolutionNode = FALSE
	EndGlobalSection
	GlobalSection(ExtensibilityGlobals) = postSolution
		SolutionGuid = {97226CA6-9D25-4893-A2C9-F6D9A9458BF4}
	EndGlobalSection
EndGlobal
